
Microsoft Visual Studio Solution File, Format Version 12.00
# Visual Studio Version 16
VisualStudioVersion = 16.0.30907.101
MinimumVisualStudioVersion = 10.0.40219.1
Project("{FAE04EC0-301F-11D3-BF4B-00C04F79EFBC}") = "Dapper.Uow", "Dapper.Uow\Dapper.Uow.csproj", "{A8C40216-56C2-4060-8E56-2B6AF6CAE4D1}"
EndProject
Global
	GlobalSection(SolutionConfigurationPlatforms) = preSolution
		Debug|Any CPU = Debug|Any CPU
		Release|Any CPU = Release|Any CPU
	EndGlobalSection
	GlobalSection(ProjectConfigurationPlatforms) = postSolution
		{A8C40216-56C2-4060-8E56-2B6AF6CAE4D1}.Debug|Any CPU.ActiveCfg = Debug|Any CPU
		{A8C40216-56C2-4060-8E56-2B6AF6CAE4D1}.Debug|Any CPU.Build.0 = Debug|Any CPU
		{A8C40216-56C2-4060-8E56-2B6AF6CAE4D1}.Release|Any CPU.ActiveCfg = Release|Any CPU
		{A8C40216-56C2-4060-8E56-2B6AF6CAE4D1}.Release|Any CPU.Build.0 = Release|Any CPU
	EndGlobalSection
	GlobalSection(SolutionProperties) = preSolution
		HideSolutionNode = FALSE
	EndGlobalSection
	GlobalSection(ExtensibilityGlobals) = postSolution
		SolutionGuid = {29A3FBB9-2E41-4F24-9BF5-4F114C6946A8}
	EndGlobalSection
EndGlobal
